// !$*UTF8*$!
{
	archiveVersion = 1;
	classes = {
	};
	objectVersion = 50;
	objects = {

/* Begin PBXBuildFile section */
		47416EB725ECC3EE0031850C /* AppDelegate.swift in Sources */ = {isa = PBXBuildFile; fileRef = 47416EB625ECC3EE0031850C /* AppDelegate.swift */; };
		47416EB925ECC3EE0031850C /* SceneDelegate.swift in Sources */ = {isa = PBXBuildFile; fileRef = 47416EB825ECC3EE0031850C /* SceneDelegate.swift */; };
		47416EBB25ECC3EE0031850C /* ViewController.swift in Sources */ = {isa = PBXBuildFile; fileRef = 47416EBA25ECC3EE0031850C /* ViewController.swift */; };
		47416EBE25ECC3EE0031850C /* Main.storyboard in Resources */ = {isa = PBXBuildFile; fileRef = 47416EBC25ECC3EE0031850C /* Main.storyboard */; };
		47416EC125ECC3EE0031850C /* ChaseNTMetro.xcdatamodeld in Sources */ = {isa = PBXBuildFile; fileRef = 47416EBF25ECC3EE0031850C /* ChaseNTMetro.xcdatamodeld */; };
		47416EC325ECC3F10031850C /* Assets.xcassets in Resources */ = {isa = PBXBuildFile; fileRef = 47416EC225ECC3F10031850C /* Assets.xcassets */; };
		47416EC625ECC3F10031850C /* LaunchScreen.storyboard in Resources */ = {isa = PBXBuildFile; fileRef = 47416EC425ECC3F10031850C /* LaunchScreen.storyboard */; };
		47416ED125ECC3F10031850C /* ChaseNTMetroTests.swift in Sources */ = {isa = PBXBuildFile; fileRef = 47416ED025ECC3F10031850C /* ChaseNTMetroTests.swift */; };
		47416EDC25ECC3F10031850C /* ChaseNTMetroUITests.swift in Sources */ = {isa = PBXBuildFile; fileRef = 47416EDB25ECC3F10031850C /* ChaseNTMetroUITests.swift */; };
/* End PBXBuildFile section */

/* Begin PBXContainerItemProxy section */
		47416ECD25ECC3F10031850C /* PBXContainerItemProxy */ = {
			isa = PBXContainerItemProxy;
			containerPortal = 47416EAB25ECC3EE0031850C /* Project object */;
			proxyType = 1;
			remoteGlobalIDString = 47416EB225ECC3EE0031850C;
			remoteInfo = ChaseNTMetro;
		};
		47416ED825ECC3F10031850C /* PBXContainerItemProxy */ = {
			isa = PBXContainerItemProxy;
			containerPortal = 47416EAB25ECC3EE0031850C /* Project object */;
			proxyType = 1;
			remoteGlobalIDString = 47416EB225ECC3EE0031850C;
			remoteInfo = ChaseNTMetro;
		};
/* End PBXContainerItemProxy section */

/* Begin PBXFileReference section */
		47416EB325ECC3EE0031850C /* ChaseNTMetro.app */ = {isa = PBXFileReference; explicitFileType = wrapper.application; includeInIndex = 0; path = ChaseNTMetro.app; sourceTree = BUILT_PRODUCTS_DIR; };
		47416EB625ECC3EE0031850C /* AppDelegate.swift */ = {isa = PBXFileReference; lastKnownFileType = sourcecode.swift; path = AppDelegate.swift; sourceTree = "<group>"; };
		47416EB825ECC3EE0031850C /* SceneDelegate.swift */ = {isa = PBXFileReference; lastKnownFileType = sourcecode.swift; path = SceneDelegate.swift; sourceTree = "<group>"; };
		47416EBA25ECC3EE0031850C /* ViewController.swift */ = {isa = PBXFileReference; lastKnownFileType = sourcecode.swift; path = ViewController.swift; sourceTree = "<group>"; };
		47416EBD25ECC3EE0031850C /* Base */ = {isa = PBXFileReference; lastKnownFileType = file.storyboard; name = Base; path = Base.lproj/Main.storyboard; sourceTree = "<group>"; };
		47416EC025ECC3EE0031850C /* ChaseNTMetro.xcdatamodel */ = {isa = PBXFileReference; lastKnownFileType = wrapper.xcdatamodel; path = ChaseNTMetro.xcdatamodel; sourceTree = "<group>"; };
		47416EC225ECC3F10031850C /* Assets.xcassets */ = {isa = PBXFileReference; lastKnownFileType = folder.assetcatalog; path = Assets.xcassets; sourceTree = "<group>"; };
		47416EC525ECC3F10031850C /* Base */ = {isa = PBXFileReference; lastKnownFileType = file.storyboard; name = Base; path = Base.lproj/LaunchScreen.storyboard; sourceTree = "<group>"; };
		47416EC725ECC3F10031850C /* Info.plist */ = {isa = PBXFileReference; lastKnownFileType = text.plist.xml; path = Info.plist; sourceTree = "<group>"; };
		47416ECC25ECC3F10031850C /* ChaseNTMetroTests.xctest */ = {isa = PBXFileReference; explicitFileType = wrapper.cfbundle; includeInIndex = 0; path = ChaseNTMetroTests.xctest; sourceTree = BUILT_PRODUCTS_DIR; };
		47416ED025ECC3F10031850C /* ChaseNTMetroTests.swift */ = {isa = PBXFileReference; lastKnownFileType = sourcecode.swift; path = ChaseNTMetroTests.swift; sourceTree = "<group>"; };
		47416ED225ECC3F10031850C /* Info.plist */ = {isa = PBXFileReference; lastKnownFileType = text.plist.xml; path = Info.plist; sourceTree = "<group>"; };
		47416ED725ECC3F10031850C /* ChaseNTMetroUITests.xctest */ = {isa = PBXFileReference; explicitFileType = wrapper.cfbundle; includeInIndex = 0; path = ChaseNTMetroUITests.xctest; sourceTree = BUILT_PRODUCTS_DIR; };
		47416EDB25ECC3F10031850C /* ChaseNTMetroUITests.swift */ = {isa = PBXFileReference; lastKnownFileType = sourcecode.swift; path = ChaseNTMetroUITests.swift; sourceTree = "<group>"; };
		47416EDD25ECC3F10031850C /* Info.plist */ = {isa = PBXFileReference; lastKnownFileType = text.plist.xml; path = Info.plist; sourceTree = "<group>"; };
/* End PBXFileReference section */

/* Begin PBXFrameworksBuildPhase section */
		47416EB025ECC3EE0031850C /* Frameworks */ = {
			isa = PBXFrameworksBuildPhase;
			buildActionMask = 2147483647;
			files = (
			);
			runOnlyForDeploymentPostprocessing = 0;
		};
		47416EC925ECC3F10031850C /* Frameworks */ = {
			isa = PBXFrameworksBuildPhase;
			buildActionMask = 2147483647;
			files = (
			);
			runOnlyForDeploymentPostprocessing = 0;
		};
		47416ED425ECC3F10031850C /* Frameworks */ = {
			isa = PBXFrameworksBuildPhase;
			buildActionMask = 2147483647;
			files = (
			);
			runOnlyForDeploymentPostprocessing = 0;
		};
/* End PBXFrameworksBuildPhase section */

/* Begin PBXGroup section */
		47416EAA25ECC3EE0031850C = {
			isa = PBXGroup;
			children = (
				47416EB525ECC3EE0031850C /* ChaseNTMetro */,
				47416ECF25ECC3F10031850C /* ChaseNTMetroTests */,
				47416EDA25ECC3F10031850C /* ChaseNTMetroUITests */,
				47416EB425ECC3EE0031850C /* Products */,
			);
			sourceTree = "<group>";
		};
		47416EB425ECC3EE0031850C /* Products */ = {
			isa = PBXGroup;
			children = (
				47416EB325ECC3EE0031850C /* ChaseNTMetro.app */,
				47416ECC25ECC3F10031850C /* ChaseNTMetroTests.xctest */,
				47416ED725ECC3F10031850C /* ChaseNTMetroUITests.xctest */,
			);
			name = Products;
			sourceTree = "<group>";
		};
		47416EB525ECC3EE0031850C /* ChaseNTMetro */ = {
			isa = PBXGroup;
			children = (
				47416EB625ECC3EE0031850C /* AppDelegate.swift */,
				47416EB825ECC3EE0031850C /* SceneDelegate.swift */,
				47416EBA25ECC3EE0031850C /* ViewController.swift */,
				47416EBC25ECC3EE0031850C /* Main.storyboard */,
				47416EC225ECC3F10031850C /* Assets.xcassets */,
				47416EC425ECC3F10031850C /* LaunchScreen.storyboard */,
				47416EC725ECC3F10031850C /* Info.plist */,
				47416EBF25ECC3EE0031850C /* ChaseNTMetro.xcdatamodeld */,
			);
			path = ChaseNTMetro;
			sourceTree = "<group>";
		};
		47416ECF25ECC3F10031850C /* ChaseNTMetroTests */ = {
			isa = PBXGroup;
			children = (
				47416ED025ECC3F10031850C /* ChaseNTMetroTests.swift */,
				47416ED225ECC3F10031850C /* Info.plist */,
			);
			path = ChaseNTMetroTests;
			sourceTree = "<group>";
		};
		47416EDA25ECC3F10031850C /* ChaseNTMetroUITests */ = {
			isa = PBXGroup;
			children = (
				47416EDB25ECC3F10031850C /* ChaseNTMetroUITests.swift */,
				47416EDD25ECC3F10031850C /* Info.plist */,
			);
			path = ChaseNTMetroUITests;
			sourceTree = "<group>";
		};
/* End PBXGroup section */

/* Begin PBXNativeTarget section */
		47416EB225ECC3EE0031850C /* ChaseNTMetro */ = {
			isa = PBXNativeTarget;
			buildConfigurationList = 47416EE025ECC3F10031850C /* Build configuration list for PBXNativeTarget "ChaseNTMetro" */;
			buildPhases = (
				47416EAF25ECC3EE0031850C /* Sources */,
				47416EB025ECC3EE0031850C /* Frameworks */,
				47416EB125ECC3EE0031850C /* Resources */,
			);
			buildRules = (
			);
			dependencies = (
			);
			name = ChaseNTMetro;
			productName = ChaseNTMetro;
			productReference = 47416EB325ECC3EE0031850C /* ChaseNTMetro.app */;
			productType = "com.apple.product-type.application";
		};
		47416ECB25ECC3F10031850C /* ChaseNTMetroTests */ = {
			isa = PBXNativeTarget;
			buildConfigurationList = 47416EE325ECC3F10031850C /* Build configuration list for PBXNativeTarget "ChaseNTMetroTests" */;
			buildPhases = (
				47416EC825ECC3F10031850C /* Sources */,
				47416EC925ECC3F10031850C /* Frameworks */,
				47416ECA25ECC3F10031850C /* Resources */,
			);
			buildRules = (
			);
			dependencies = (
				47416ECE25ECC3F10031850C /* PBXTargetDependency */,
			);
			name = ChaseNTMetroTests;
			productName = ChaseNTMetroTests;
			productReference = 47416ECC25ECC3F10031850C /* ChaseNTMetroTests.xctest */;
			productType = "com.apple.product-type.bundle.unit-test";
		};
		47416ED625ECC3F10031850C /* ChaseNTMetroUITests */ = {
			isa = PBXNativeTarget;
			buildConfigurationList = 47416EE625ECC3F10031850C /* Build configuration list for PBXNativeTarget "ChaseNTMetroUITests" */;
			buildPhases = (
				47416ED325ECC3F10031850C /* Sources */,
				47416ED425ECC3F10031850C /* Frameworks */,
				47416ED525ECC3F10031850C /* Resources */,
			);
			buildRules = (
			);
			dependencies = (
				47416ED925ECC3F10031850C /* PBXTargetDependency */,
			);
			name = ChaseNTMetroUITests;
			productName = ChaseNTMetroUITests;
			productReference = 47416ED725ECC3F10031850C /* ChaseNTMetroUITests.xctest */;
			productType = "com.apple.product-type.bundle.ui-testing";
		};
/* End PBXNativeTarget section */

/* Begin PBXProject section */
		47416EAB25ECC3EE0031850C /* Project object */ = {
			isa = PBXProject;
			attributes = {
				LastSwiftUpdateCheck = 1230;
				LastUpgradeCheck = 1230;
				TargetAttributes = {
					47416EB225ECC3EE0031850C = {
						CreatedOnToolsVersion = 12.3;
					};
					47416ECB25ECC3F10031850C = {
						CreatedOnToolsVersion = 12.3;
						TestTargetID = 47416EB225ECC3EE0031850C;
					};
					47416ED625ECC3F10031850C = {
						CreatedOnToolsVersion = 12.3;
						TestTargetID = 47416EB225ECC3EE0031850C;
					};
				};
			};
			buildConfigurationList = 47416EAE25ECC3EE0031850C /* Build configuration list for PBXProject "ChaseNTMetro" */;
			compatibilityVersion = "Xcode 9.3";
			developmentRegion = en;
			hasScannedForEncodings = 0;
			knownRegions = (
				en,
				Base,
			);
			mainGroup = 47416EAA25ECC3EE0031850C;
			productRefGroup = 47416EB425ECC3EE0031850C /* Products */;
			projectDirPath = "";
			projectRoot = "";
			targets = (
				47416EB225ECC3EE0031850C /* ChaseNTMetro */,
				47416ECB25ECC3F10031850C /* ChaseNTMetroTests */,
				47416ED625ECC3F10031850C /* ChaseNTMetroUITests */,
			);
		};
/* End PBXProject section */

/* Begin PBXResourcesBuildPhase section */
		47416EB125ECC3EE0031850C /* Resources */ = {
			isa = PBXResourcesBuildPhase;
			buildActionMask = 2147483647;
			files = (
				47416EC625ECC3F10031850C /* LaunchScreen.storyboard in Resources */,
				47416EC325ECC3F10031850C /* Assets.xcassets in Resources */,
				47416EBE25ECC3EE0031850C /* Main.storyboard in Resources */,
			);
			runOnlyForDeploymentPostprocessing = 0;
		};
		47416ECA25ECC3F10031850C /* Resources */ = {
			isa = PBXResourcesBuildPhase;
			buildActionMask = 2147483647;
			files = (
			);
			runOnlyForDeploymentPostprocessing = 0;
		};
		47416ED525ECC3F10031850C /* Resources */ = {
			isa = PBXResourcesBuildPhase;
			buildActionMask = 2147483647;
			files = (
			);
			runOnlyForDeploymentPostprocessing = 0;
		};
/* End PBXResourcesBuildPhase section */

/* Begin PBXSourcesBuildPhase section */
		47416EAF25ECC3EE0031850C /* Sources */ = {
			isa = PBXSourcesBuildPhase;
			buildActionMask = 2147483647;
			files = (
				47416EBB25ECC3EE0031850C /* ViewController.swift in Sources */,
				47416EB725ECC3EE0031850C /* AppDelegate.swift in Sources */,
				47416EC125ECC3EE0031850C /* ChaseNTMetro.xcdatamodeld in Sources */,
				47416EB925ECC3EE0031850C /* SceneDelegate.swift in Sources */,
			);
			runOnlyForDeploymentPostprocessing = 0;
		};
		47416EC825ECC3F10031850C /* Sources */ = {
			isa = PBXSourcesBuildPhase;
			buildActionMask = 2147483647;
			files = (
				47416ED125ECC3F10031850C /* ChaseNTMetroTests.swift in Sources */,
			);
			runOnlyForDeploymentPostprocessing = 0;
		};
		47416ED325ECC3F10031850C /* Sources */ = {
			isa = PBXSourcesBuildPhase;
			buildActionMask = 2147483647;
			files = (
				47416EDC25ECC3F10031850C /* ChaseNTMetroUITests.swift in Sources */,
			);
			runOnlyForDeploymentPostprocessing = 0;
		};
/* End PBXSourcesBuildPhase section */

/* Begin PBXTargetDependency section */
		47416ECE25ECC3F10031850C /* PBXTargetDependency */ = {
			isa = PBXTargetDependency;
			target = 47416EB225ECC3EE0031850C /* ChaseNTMetro */;
			targetProxy = 47416ECD25ECC3F10031850C /* PBXContainerItemProxy */;
		};
		47416ED925ECC3F10031850C /* PBXTargetDependency */ = {
			isa = PBXTargetDependency;
			target = 47416EB225ECC3EE0031850C /* ChaseNTMetro */;
			targetProxy = 47416ED825ECC3F10031850C /* PBXContainerItemProxy */;
		};
/* End PBXTargetDependency section */

/* Begin PBXVariantGroup section */
		47416EBC25ECC3EE0031850C /* Main.storyboard */ = {
			isa = PBXVariantGroup;
			children = (
				47416EBD25ECC3EE0031850C /* Base */,
			);
			name = Main.storyboard;
			sourceTree = "<group>";
		};
		47416EC425ECC3F10031850C /* LaunchScreen.storyboard */ = {
			isa = PBXVariantGroup;
			children = (
				47416EC525ECC3F10031850C /* Base */,
			);
			name = LaunchScreen.storyboard;
			sourceTree = "<group>";
		};
/* End PBXVariantGroup section */

/* Begin XCBuildConfiguration section */
		47416EDE25ECC3F10031850C /* Debug */ = {
			isa = XCBuildConfiguration;
			buildSettings = {
				ALWAYS_SEARCH_USER_PATHS = NO;
				CLANG_ANALYZER_NONNULL = YES;
				CLANG_ANALYZER_NUMBER_OBJECT_CONVERSION = YES_AGGRESSIVE;
				CLANG_CXX_LANGUAGE_STANDARD = "gnu++14";
				CLANG_CXX_LIBRARY = "libc++";
				CLANG_ENABLE_MODULES = YES;
				CLANG_ENABLE_OBJC_ARC = YES;
				CLANG_ENABLE_OBJC_WEAK = YES;
				CLANG_WARN_BLOCK_CAPTURE_AUTORELEASING = YES;
				CLANG_WARN_BOOL_CONVERSION = YES;
				CLANG_WARN_COMMA = YES;
				CLANG_WARN_CONSTANT_CONVERSION = YES;
				CLANG_WARN_DEPRECATED_OBJC_IMPLEMENTATIONS = YES;
				CLANG_WARN_DIRECT_OBJC_ISA_USAGE = YES_ERROR;
				CLANG_WARN_DOCUMENTATION_COMMENTS = YES;
				CLANG_WARN_EMPTY_BODY = YES;
				CLANG_WARN_ENUM_CONVERSION = YES;
				CLANG_WARN_INFINITE_RECURSION = YES;
				CLANG_WARN_INT_CONVERSION = YES;
				CLANG_WARN_NON_LITERAL_NULL_CONVERSION = YES;
				CLANG_WARN_OBJC_IMPLICIT_RETAIN_SELF = YES;
				CLANG_WARN_OBJC_LITERAL_CONVERSION = YES;
				CLANG_WARN_OBJC_ROOT_CLASS = YES_ERROR;
				CLANG_WARN_QUOTED_INCLUDE_IN_FRAMEWORK_HEADER = YES;
				CLANG_WARN_RANGE_LOOP_ANALYSIS = YES;
				CLANG_WARN_STRICT_PROTOTYPES = YES;
				CLANG_WARN_SUSPICIOUS_MOVE = YES;
				CLANG_WARN_UNGUARDED_AVAILABILITY = YES_AGGRESSIVE;
				CLANG_WARN_UNREACHABLE_CODE = YES;
				CLANG_WARN__DUPLICATE_METHOD_MATCH = YES;
				COPY_PHASE_STRIP = NO;
				DEBUG_INFORMATION_FORMAT = dwarf;
				ENABLE_STRICT_OBJC_MSGSEND = YES;
				ENABLE_TESTABILITY = YES;
				GCC_C_LANGUAGE_STANDARD = gnu11;
				GCC_DYNAMIC_NO_PIC = NO;
				GCC_NO_COMMON_BLOCKS = YES;
				GCC_OPTIMIZATION_LEVEL = 0;
				GCC_PREPROCESSOR_DEFINITIONS = (
					"DEBUG=1",
					"$(inherited)",
				);
				GCC_WARN_64_TO_32_BIT_CONVERSION = YES;
				GCC_WARN_ABOUT_RETURN_TYPE = YES_ERROR;
				GCC_WARN_UNDECLARED_SELECTOR = YES;
				GCC_WARN_UNINITIALIZED_AUTOS = YES_AGGRESSIVE;
				GCC_WARN_UNUSED_FUNCTION = YES;
				GCC_WARN_UNUSED_VARIABLE = YES;
				IPHONEOS_DEPLOYMENT_TARGET = 14.3;
				MTL_ENABLE_DEBUG_INFO = INCLUDE_SOURCE;
				MTL_FAST_MATH = YES;
				ONLY_ACTIVE_ARCH = YES;
				SDKROOT = iphoneos;
				SWIFT_ACTIVE_COMPILATION_CONDITIONS = DEBUG;
				SWIFT_OPTIMIZATION_LEVEL = "-Onone";
			};
			name = Debug;
		};
		47416EDF25ECC3F10031850C /* Release */ = {
			isa = XCBuildConfiguration;
			buildSettings = {
				ALWAYS_SEARCH_USER_PATHS = NO;
				CLANG_ANALYZER_NONNULL = YES;
				CLANG_ANALYZER_NUMBER_OBJECT_CONVERSION = YES_AGGRESSIVE;
				CLANG_CXX_LANGUAGE_STANDARD = "gnu++14";
				CLANG_CXX_LIBRARY = "libc++";
				CLANG_ENABLE_MODULES = YES;
				CLANG_ENABLE_OBJC_ARC = YES;
				CLANG_ENABLE_OBJC_WEAK = YES;
				CLANG_WARN_BLOCK_CAPTURE_AUTORELEASING = YES;
				CLANG_WARN_BOOL_CONVERSION = YES;
				CLANG_WARN_COMMA = YES;
				CLANG_WARN_CONSTANT_CONVERSION = YES;
				CLANG_WARN_DEPRECATED_OBJC_IMPLEMENTATIONS = YES;
				CLANG_WARN_DIRECT_OBJC_ISA_USAGE = YES_ERROR;
				CLANG_WARN_DOCUMENTATION_COMMENTS = YES;
				CLANG_WARN_EMPTY_BODY = YES;
				CLANG_WARN_ENUM_CONVERSION = YES;
				CLANG_WARN_INFINITE_RECURSION = YES;
				CLANG_WARN_INT_CONVERSION = YES;
				CLANG_WARN_NON_LITERAL_NULL_CONVERSION = YES;
				CLANG_WARN_OBJC_IMPLICIT_RETAIN_SELF = YES;
				CLANG_WARN_OBJC_LITERAL_CONVERSION = YES;
				CLANG_WARN_OBJC_ROOT_CLASS = YES_ERROR;
				CLANG_WARN_QUOTED_INCLUDE_IN_FRAMEWORK_HEADER = YES;
				CLANG_WARN_RANGE_LOOP_ANALYSIS = YES;
				CLANG_WARN_STRICT_PROTOTYPES = YES;
				CLANG_WARN_SUSPICIOUS_MOVE = YES;
				CLANG_WARN_UNGUARDED_AVAILABILITY = YES_AGGRESSIVE;
				CLANG_WARN_UNREACHABLE_CODE = YES;
				CLANG_WARN__DUPLICATE_METHOD_MATCH = YES;
				COPY_PHASE_STRIP = NO;
				DEBUG_INFORMATION_FORMAT = "dwarf-with-dsym";
				ENABLE_NS_ASSERTIONS = NO;
				ENABLE_STRICT_OBJC_MSGSEND = YES;
				GCC_C_LANGUAGE_STANDARD = gnu11;
				GCC_NO_COMMON_BLOCKS = YES;
				GCC_WARN_64_TO_32_BIT_CONVERSION = YES;
				GCC_WARN_ABOUT_RETURN_TYPE = YES_ERROR;
				GCC_WARN_UNDECLARED_SELECTOR = YES;
				GCC_WARN_UNINITIALIZED_AUTOS = YES_AGGRESSIVE;
				GCC_WARN_UNUSED_FUNCTION = YES;
				GCC_WARN_UNUSED_VARIABLE = YES;
				IPHONEOS_DEPLOYMENT_TARGET = 14.3;
				MTL_ENABLE_DEBUG_INFO = NO;
				MTL_FAST_MATH = YES;
				SDKROOT = iphoneos;
				SWIFT_COMPILATION_MODE = wholemodule;
				SWIFT_OPTIMIZATION_LEVEL = "-O";
				VALIDATE_PRODUCT = YES;
			};
			name = Release;
		};
		47416EE125ECC3F10031850C /* Debug */ = {
			isa = XCBuildConfiguration;
			buildSettings = {
				ASSETCATALOG_COMPILER_APPICON_NAME = AppIcon;
				ASSETCATALOG_COMPILER_GLOBAL_ACCENT_COLOR_NAME = AccentColor;
				CODE_SIGN_STYLE = Automatic;
				DEVELOPMENT_TEAM = XPYYPG44HB;
				INFOPLIST_FILE = ChaseNTMetro/Info.plist;
				LD_RUNPATH_SEARCH_PATHS = (
					"$(inherited)",
					"@executable_path/Frameworks",
				);
				PRODUCT_BUNDLE_IDENTIFIER = yyx.com.ChaseNTMetro;
				PRODUCT_NAME = "$(TARGET_NAME)";
				SWIFT_VERSION = 5.0;
				TARGETED_DEVICE_FAMILY = "1,2";
			};
			name = Debug;
		};
		47416EE225ECC3F10031850C /* Release */ = {
			isa = XCBuildConfiguration;
			buildSettings = {
				ASSETCATALOG_COMPILER_APPICON_NAME = AppIcon;
				ASSETCATALOG_COMPILER_GLOBAL_ACCENT_COLOR_NAME = AccentColor;
				CODE_SIGN_STYLE = Automatic;
				DEVELOPMENT_TEAM = XPYYPG44HB;
				INFOPLIST_FILE = ChaseNTMetro/Info.plist;
				LD_RUNPATH_SEARCH_PATHS = (
					"$(inherited)",
					"@executable_path/Frameworks",
				);
				PRODUCT_BUNDLE_IDENTIFIER = yyx.com.ChaseNTMetro;
				PRODUCT_NAME = "$(TARGET_NAME)";
				SWIFT_VERSION = 5.0;
				TARGETED_DEVICE_FAMILY = "1,2";
			};
			name = Release;
		};
		47416EE425ECC3F10031850C /* Debug */ = {
			isa = XCBuildConfiguration;
			buildSettings = {
				ALWAYS_EMBED_SWIFT_STANDARD_LIBRARIES = YES;
				BUNDLE_LOADER = "$(TEST_HOST)";
				CODE_SIGN_STYLE = Automatic;
				DEVELOPMENT_TEAM = XPYYPG44HB;
				INFOPLIST_FILE = ChaseNTMetroTests/Info.plist;
				IPHONEOS_DEPLOYMENT_TARGET = 14.3;
				LD_RUNPATH_SEARCH_PATHS = (
					"$(inherited)",
					"@executable_path/Frameworks",
					"@loader_path/Frameworks",
				);
				PRODUCT_BUNDLE_IDENTIFIER = yyx.com.ChaseNTMetroTests;
				PRODUCT_NAME = "$(TARGET_NAME)";
				SWIFT_VERSION = 5.0;
				TARGETED_DEVICE_FAMILY = "1,2";
				TEST_HOST = "$(BUILT_PRODUCTS_DIR)/ChaseNTMetro.app/ChaseNTMetro";
			};
			name = Debug;
		};
		47416EE525ECC3F10031850C /* Release */ = {
			isa = XCBuildConfiguration;
			buildSettings = {
				ALWAYS_EMBED_SWIFT_STANDARD_LIBRARIES = YES;
				BUNDLE_LOADER = "$(TEST_HOST)";
				CODE_SIGN_STYLE = Automatic;
				DEVELOPMENT_TEAM = XPYYPG44HB;
				INFOPLIST_FILE = ChaseNTMetroTests/Info.plist;
				IPHONEOS_DEPLOYMENT_TARGET = 14.3;
				LD_RUNPATH_SEARCH_PATHS = (
					"$(inherited)",
					"@executable_path/Frameworks",
					"@loader_path/Frameworks",
				);
				PRODUCT_BUNDLE_IDENTIFIER = yyx.com.ChaseNTMetroTests;
				PRODUCT_NAME = "$(TARGET_NAME)";
				SWIFT_VERSION = 5.0;
				TARGETED_DEVICE_FAMILY = "1,2";
				TEST_HOST = "$(BUILT_PRODUCTS_DIR)/ChaseNTMetro.app/ChaseNTMetro";
			};
			name = Release;
		};
		47416EE725ECC3F10031850C /* Debug */ = {
			isa = XCBuildConfiguration;
			buildSettings = {
				ALWAYS_EMBED_SWIFT_STANDARD_LIBRARIES = YES;
				CODE_SIGN_STYLE = Automatic;
				DEVELOPMENT_TEAM = XPYYPG44HB;
				INFOPLIST_FILE = ChaseNTMetroUITests/Info.plist;
				LD_RUNPATH_SEARCH_PATHS = (
					"$(inherited)",
					"@executable_path/Frameworks",
					"@loader_path/Frameworks",
				);
				PRODUCT_BUNDLE_IDENTIFIER = yyx.com.ChaseNTMetroUITests;
				PRODUCT_NAME = "$(TARGET_NAME)";
				SWIFT_VERSION = 5.0;
				TARGETED_DEVICE_FAMILY = "1,2";
				TEST_TARGET_NAME = ChaseNTMetro;
			};
			name = Debug;
		};
		47416EE825ECC3F10031850C /* Release */ = {
			isa = XCBuildConfiguration;
			buildSettings = {
				ALWAYS_EMBED_SWIFT_STANDARD_LIBRARIES = YES;
				CODE_SIGN_STYLE = Automatic;
				DEVELOPMENT_TEAM = XPYYPG44HB;
				INFOPLIST_FILE = ChaseNTMetroUITests/Info.plist;
				LD_RUNPATH_SEARCH_PATHS = (
					"$(inherited)",
					"@executable_path/Frameworks",
					"@loader_path/Frameworks",
				);
				PRODUCT_BUNDLE_IDENTIFIER = yyx.com.ChaseNTMetroUITests;
				PRODUCT_NAME = "$(TARGET_NAME)";
				SWIFT_VERSION = 5.0;
				TARGETED_DEVICE_FAMILY = "1,2";
				TEST_TARGET_NAME = ChaseNTMetro;
			};
			name = Release;
		};
/* End XCBuildConfiguration section */

/* Begin XCConfigurationList section */
		47416EAE25ECC3EE0031850C /* Build configuration list for PBXProject "ChaseNTMetro" */ = {
			isa = XCConfigurationList;
			buildConfigurations = (
				47416EDE25ECC3F10031850C /* Debug */,
				47416EDF25ECC3F10031850C /* Release */,
			);
			defaultConfigurationIsVisible = 0;
			defaultConfigurationName = Release;
		};
		47416EE025ECC3F10031850C /* Build configuration list for PBXNativeTarget "ChaseNTMetro" */ = {
			isa = XCConfigurationList;
			buildConfigurations = (
				47416EE125ECC3F10031850C /* Debug */,
				47416EE225ECC3F10031850C /* Release */,
			);
			defaultConfigurationIsVisible = 0;
			defaultConfigurationName = Release;
		};
		47416EE325ECC3F10031850C /* Build configuration list for PBXNativeTarget "ChaseNTMetroTests" */ = {
			isa = XCConfigurationList;
			buildConfigurations = (
				47416EE425ECC3F10031850C /* Debug */,
				47416EE525ECC3F10031850C /* Release */,
			);
			defaultConfigurationIsVisible = 0;
			defaultConfigurationName = Release;
		};
		47416EE625ECC3F10031850C /* Build configuration list for PBXNativeTarget "ChaseNTMetroUITests" */ = {
			isa = XCConfigurationList;
			buildConfigurations = (
				47416EE725ECC3F10031850C /* Debug */,
				47416EE825ECC3F10031850C /* Release */,
			);
			defaultConfigurationIsVisible = 0;
			defaultConfigurationName = Release;
		};
/* End XCConfigurationList section */

/* Begin XCVersionGroup section */
		47416EBF25ECC3EE0031850C /* ChaseNTMetro.xcdatamodeld */ = {
			isa = XCVersionGroup;
			children = (
				47416EC025ECC3EE0031850C /* ChaseNTMetro.xcdatamodel */,
			);
			currentVersion = 47416EC025ECC3EE0031850C /* ChaseNTMetro.xcdatamodel */;
			path = ChaseNTMetro.xcdatamodeld;
			sourceTree = "<group>";
			versionGroupType = wrapper.xcdatamodel;
		};
/* End XCVersionGroup section */
	};
	rootObject = 47416EAB25ECC3EE0031850C /* Project object */;
}
